{
  "name": "Job_Portal",
  "lockfileVersion": 3,
  "requires": true,
<<<<<<< HEAD
  "packages": {
    "": {
      "dependencies": {
        "font-awesome": "^4.7.0"
      }
    },
    "node_modules/font-awesome": {
      "version": "4.7.0",
      "resolved": "https://registry.npmjs.org/font-awesome/-/font-awesome-4.7.0.tgz",
      "integrity": "sha512-U6kGnykA/6bFmg1M/oT9EkFeIYv7JlX3bozwQJWiiLz6L0w3F5vBVPxHlwyX/vtNq1ckcpRKOB9f2Qal/VtFpg==",
      "engines": {
        "node": ">=0.10.3"
      }
    }
  }
=======
  "packages": {}
>>>>>>> 5202aa8e92e7789bc0d53c732e5f2fa68c77ddde
}
